
Microsoft Visual Studio Solution File, Format Version 12.00
# Visual Studio Version 17
VisualStudioVersion = 17.13.35931.197
MinimumVisualStudioVersion = 10.0.40219.1
Project("{FAE04EC0-301F-11D3-BF4B-00C04F79EFBC}") = "Projeto_Listas_De_Tarefas", "Projeto_Listas_De_Tarefas\Projeto_Listas_De_Tarefas.csproj", "{1C59D19D-6FA5-4EAA-8745-1BF0AD071B9C}"
EndProject
Project("{2150E333-8FDC-42A3-9474-1A3956D46DE8}") = "Itens de Solução", "Itens de Solução", "{380A7511-A354-6D7A-0CC0-8FA1F1BA7B6C}"
	ProjectSection(SolutionItems) = preProject
		.gitignore = .gitignore
	EndProjectSection
EndProject
Global
	GlobalSection(SolutionConfigurationPlatforms) = preSolution
		Debug|Any CPU = Debug|Any CPU
		Release|Any CPU = Release|Any CPU
	EndGlobalSection
	GlobalSection(ProjectConfigurationPlatforms) = postSolution
		{1C59D19D-6FA5-4EAA-8745-1BF0AD071B9C}.Debug|Any CPU.ActiveCfg = Debug|Any CPU
		{1C59D19D-6FA5-4EAA-8745-1BF0AD071B9C}.Debug|Any CPU.Build.0 = Debug|Any CPU
		{1C59D19D-6FA5-4EAA-8745-1BF0AD071B9C}.Release|Any CPU.ActiveCfg = Release|Any CPU
		{1C59D19D-6FA5-4EAA-8745-1BF0AD071B9C}.Release|Any CPU.Build.0 = Release|Any CPU
	EndGlobalSection
	GlobalSection(SolutionProperties) = preSolution
		HideSolutionNode = FALSE
	EndGlobalSection
	GlobalSection(ExtensibilityGlobals) = postSolution
		SolutionGuid = {9EE4BC1A-1C00-41F5-A6A9-39429351780C}
	EndGlobalSection
EndGlobal
